{
  "name": "test_gui",
  "version": "1.0.0",
  "lockfileVersion": 1,
  "requires": true,
  "dependencies": {
    "python-shell": {
      "version": "1.0.7",
      "resolved": "https://registry.npm.taobao.org/python-shell/download/python-shell-1.0.7.tgz",
      "integrity": "sha1-QM8b6pLIiBIuOBLR3ugJIn7LEhI="
    }
  }
}
